
Microsoft Visual Studio Solution File, Format Version 12.00
# Visual Studio 15
VisualStudioVersion = 15.0.26228.9
MinimumVisualStudioVersion = 10.0.40219.1
Project("{FAE04EC0-301F-11D3-BF4B-00C04F79EFBC}") = "Gestion.API", "Gestion.API\Gestion.API.csproj", "{56EB64F8-D8F2-4633-BA6A-E38517485145}"
EndProject
Project("{2150E333-8FDC-42A3-9474-1A3956D46DE8}") = "Backend", "Backend", "{DA43C920-AD57-4D46-8149-28F17FA39377}"
EndProject
Project("{2150E333-8FDC-42A3-9474-1A3956D46DE8}") = "Presetation", "Presetation", "{06F3C3E0-B1B1-4D67-9882-A043E7BE8146}"
EndProject
Project("{2150E333-8FDC-42A3-9474-1A3956D46DE8}") = "Common", "Common", "{094F0CBD-ABA0-4149-84DA-3E682DDC8A7D}"
EndProject
Project("{FAE04EC0-301F-11D3-BF4B-00C04F79EFBC}") = "Gestion.Common", "Gestion.Common\Gestion.Common.csproj", "{1B93022F-A350-4CD3-BA70-6EB042C92B5C}"
EndProject
Project("{2150E333-8FDC-42A3-9474-1A3956D46DE8}") = "Data", "Data", "{8F326193-D2D4-4F14-BFCA-0004A13902B6}"
EndProject
Project("{FAE04EC0-301F-11D3-BF4B-00C04F79EFBC}") = "Gestion.Data", "Gestion.Data\Gestion.Data.csproj", "{DB356C8A-F985-4C61-8EBC-1B6788E8832C}"
EndProject
Project("{2150E333-8FDC-42A3-9474-1A3956D46DE8}") = "Business", "Business", "{ECFA7582-56C3-44DD-B8A2-71E7F0DECDA3}"
EndProject
Project("{FAE04EC0-301F-11D3-BF4B-00C04F79EFBC}") = "Gestion.Services", "Gestion.Services\Gestion.Services.csproj", "{DB9C0DDA-B134-4B26-ADF3-D7D059815DCF}"
EndProject
Global
	GlobalSection(SolutionConfigurationPlatforms) = preSolution
		Debug|Any CPU = Debug|Any CPU
		Release|Any CPU = Release|Any CPU
	EndGlobalSection
	GlobalSection(ProjectConfigurationPlatforms) = postSolution
		{56EB64F8-D8F2-4633-BA6A-E38517485145}.Debug|Any CPU.ActiveCfg = Debug|Any CPU
		{56EB64F8-D8F2-4633-BA6A-E38517485145}.Debug|Any CPU.Build.0 = Debug|Any CPU
		{56EB64F8-D8F2-4633-BA6A-E38517485145}.Release|Any CPU.ActiveCfg = Release|Any CPU
		{56EB64F8-D8F2-4633-BA6A-E38517485145}.Release|Any CPU.Build.0 = Release|Any CPU
		{1B93022F-A350-4CD3-BA70-6EB042C92B5C}.Debug|Any CPU.ActiveCfg = Debug|Any CPU
		{1B93022F-A350-4CD3-BA70-6EB042C92B5C}.Debug|Any CPU.Build.0 = Debug|Any CPU
		{1B93022F-A350-4CD3-BA70-6EB042C92B5C}.Release|Any CPU.ActiveCfg = Release|Any CPU
		{1B93022F-A350-4CD3-BA70-6EB042C92B5C}.Release|Any CPU.Build.0 = Release|Any CPU
		{DB356C8A-F985-4C61-8EBC-1B6788E8832C}.Debug|Any CPU.ActiveCfg = Debug|Any CPU
		{DB356C8A-F985-4C61-8EBC-1B6788E8832C}.Debug|Any CPU.Build.0 = Debug|Any CPU
		{DB356C8A-F985-4C61-8EBC-1B6788E8832C}.Release|Any CPU.ActiveCfg = Release|Any CPU
		{DB356C8A-F985-4C61-8EBC-1B6788E8832C}.Release|Any CPU.Build.0 = Release|Any CPU
		{DB9C0DDA-B134-4B26-ADF3-D7D059815DCF}.Debug|Any CPU.ActiveCfg = Debug|Any CPU
		{DB9C0DDA-B134-4B26-ADF3-D7D059815DCF}.Debug|Any CPU.Build.0 = Debug|Any CPU
		{DB9C0DDA-B134-4B26-ADF3-D7D059815DCF}.Release|Any CPU.ActiveCfg = Release|Any CPU
		{DB9C0DDA-B134-4B26-ADF3-D7D059815DCF}.Release|Any CPU.Build.0 = Release|Any CPU
	EndGlobalSection
	GlobalSection(SolutionProperties) = preSolution
		HideSolutionNode = FALSE
	EndGlobalSection
	GlobalSection(NestedProjects) = preSolution
		{56EB64F8-D8F2-4633-BA6A-E38517485145} = {06F3C3E0-B1B1-4D67-9882-A043E7BE8146}
		{06F3C3E0-B1B1-4D67-9882-A043E7BE8146} = {DA43C920-AD57-4D46-8149-28F17FA39377}
		{094F0CBD-ABA0-4149-84DA-3E682DDC8A7D} = {DA43C920-AD57-4D46-8149-28F17FA39377}
		{1B93022F-A350-4CD3-BA70-6EB042C92B5C} = {094F0CBD-ABA0-4149-84DA-3E682DDC8A7D}
		{8F326193-D2D4-4F14-BFCA-0004A13902B6} = {DA43C920-AD57-4D46-8149-28F17FA39377}
		{DB356C8A-F985-4C61-8EBC-1B6788E8832C} = {8F326193-D2D4-4F14-BFCA-0004A13902B6}
		{ECFA7582-56C3-44DD-B8A2-71E7F0DECDA3} = {DA43C920-AD57-4D46-8149-28F17FA39377}
		{DB9C0DDA-B134-4B26-ADF3-D7D059815DCF} = {ECFA7582-56C3-44DD-B8A2-71E7F0DECDA3}
	EndGlobalSection
EndGlobal
